dependencies:
- name: frontend
  repository: file://../frontend
  version: 0.1.2
- name: admin-frontend
  repository: file://../admin-frontend
  version: 0.1.2
- name: webapi
  repository: file://../webapi
  version: 0.2.0
- name: edt-service
  repository: file://../edt-service
  version: 0.2.3
- name: edt-casemgmt
  repository: file://../edt-casemgmt
  version: 0.2.0
- name: edt-disclosure
  repository: file://../edt-disclosure
  version: 0.8.0
- name: approvalflow
  repository: file://../approvalflow
  version: 0.1.0
- name: jum-backend
  repository: file://../jum-backend
  version: 0.1.2
- name: jum-notification
  repository: file://../jum-notification
  version: 0.1.2
- name: nginx
  repository: file://../nginx
  version: 9.7.3
digest: sha256:23f8350ebfff44e98cd63c895e6e3ad7dca34e7b62168bdefc66096dff13171b
generated: "2023-11-15T14:23:12.5192736-08:00"
