dependencies:
- name: frontend
  repository: file://../frontend
  version: 0.1.2
- name: admin-frontend
  repository: file://../admin-frontend
  version: 0.1.2
- name: webapi
  repository: file://../webapi
  version: 0.2.0
- name: edt-service
  repository: file://../edt-service
  version: 0.2.3
- name: edt-casemgmt
  repository: file://../edt-casemgmt
  version: 0.1.0
- name: edt-disclosure
  repository: file://../edt-disclosure
  version: 0.6.0
- name: approvalflow
  repository: file://../approvalflow
  version: 0.1.0
- name: plr-intake
  repository: file://../plr-intake
  version: 0.1.2
- name: jum-backend
  repository: file://../jum-backend
  version: 0.1.2
- name: jum-notification
  repository: file://../jum-notification
  version: 0.1.2
- name: nginx
  repository: file://../nginx
  version: 9.7.3
digest: sha256:96c022c0688a45a40842bacff19ac9b1b3b720eaa9c0b1677d983d659d6abb3a
generated: "2023-11-14T12:52:28.3534406-08:00"
